
Microsoft Visual Studio Solution File, Format Version 12.00
# Visual Studio Version 17
VisualStudioVersion = 17.5.002.0
MinimumVisualStudioVersion = 10.0.40219.1
Project("{9A19103F-16F7-4668-BE54-9A1E7A4F7556}") = "MyWebAPI", "MyWebAPI\MyWebAPI.csproj", "{A2C9633A-DA4D-4694-B37D-9FFE8AAF175E}"
EndProject
Global
	GlobalSection(SolutionConfigurationPlatforms) = preSolution
		Debug|Any CPU = Debug|Any CPU
		Release|Any CPU = Release|Any CPU
	EndGlobalSection
	GlobalSection(ProjectConfigurationPlatforms) = postSolution
		{A2C9633A-DA4D-4694-B37D-9FFE8AAF175E}.Debug|Any CPU.ActiveCfg = Debug|Any CPU
		{A2C9633A-DA4D-4694-B37D-9FFE8AAF175E}.Debug|Any CPU.Build.0 = Debug|Any CPU
		{A2C9633A-DA4D-4694-B37D-9FFE8AAF175E}.Release|Any CPU.ActiveCfg = Release|Any CPU
		{A2C9633A-DA4D-4694-B37D-9FFE8AAF175E}.Release|Any CPU.Build.0 = Release|Any CPU
	EndGlobalSection
	GlobalSection(SolutionProperties) = preSolution
		HideSolutionNode = FALSE
	EndGlobalSection
	GlobalSection(ExtensibilityGlobals) = postSolution
		SolutionGuid = {7963FAC6-46D0-46AD-98E7-FA7E35FADC3D}
	EndGlobalSection
EndGlobal
